
Microsoft Visual Studio Solution File, Format Version 12.00
# Visual Studio Version 17
VisualStudioVersion = 17.8.34511.84
MinimumVisualStudioVersion = 10.0.40219.1
Project("{9A19103F-16F7-4668-BE54-9A1E7A4F7556}") = "lab10_herencia", "lab10_herencia.csproj", "{7AFBF667-65B2-43C8-AF81-54ADDACB96ED}"
EndProject
Global
	GlobalSection(SolutionConfigurationPlatforms) = preSolution
		Debug|Any CPU = Debug|Any CPU
		Release|Any CPU = Release|Any CPU
	EndGlobalSection
	GlobalSection(ProjectConfigurationPlatforms) = postSolution
		{7AFBF667-65B2-43C8-AF81-54ADDACB96ED}.Debug|Any CPU.ActiveCfg = Debug|Any CPU
		{7AFBF667-65B2-43C8-AF81-54ADDACB96ED}.Debug|Any CPU.Build.0 = Debug|Any CPU
		{7AFBF667-65B2-43C8-AF81-54ADDACB96ED}.Release|Any CPU.ActiveCfg = Release|Any CPU
		{7AFBF667-65B2-43C8-AF81-54ADDACB96ED}.Release|Any CPU.Build.0 = Release|Any CPU
	EndGlobalSection
	GlobalSection(SolutionProperties) = preSolution
		HideSolutionNode = FALSE
	EndGlobalSection
	GlobalSection(ExtensibilityGlobals) = postSolution
		SolutionGuid = {2571EFEF-125B-4D90-B3E2-CEE8E513BDAF}
	EndGlobalSection
EndGlobal
